
Microsoft Visual Studio Solution File, Format Version 12.00
# Visual Studio Version 16
VisualStudioVersion = 16.0.28803.452
MinimumVisualStudioVersion = 10.0.40219.1
Project("{FAE04EC0-301F-11D3-BF4B-00C04F79EFBC}") = "ComponentBoilerplate", "ComponentBoilerplate\ComponentBoilerplate.csproj", "{77E32756-8049-407B-AAA2-20B283671280}"
EndProject
Global
	GlobalSection(SolutionConfigurationPlatforms) = preSolution
		Debug|Any CPU = Debug|Any CPU
		Release|Any CPU = Release|Any CPU
	EndGlobalSection
	GlobalSection(ProjectConfigurationPlatforms) = postSolution
		{77E32756-8049-407B-AAA2-20B283671280}.Debug|Any CPU.ActiveCfg = Debug|Any CPU
		{77E32756-8049-407B-AAA2-20B283671280}.Debug|Any CPU.Build.0 = Debug|Any CPU
		{77E32756-8049-407B-AAA2-20B283671280}.Release|Any CPU.ActiveCfg = Release|Any CPU
		{77E32756-8049-407B-AAA2-20B283671280}.Release|Any CPU.Build.0 = Release|Any CPU
	EndGlobalSection
	GlobalSection(SolutionProperties) = preSolution
		HideSolutionNode = FALSE
	EndGlobalSection
	GlobalSection(ExtensibilityGlobals) = postSolution
		SolutionGuid = {4C946571-0566-44A8-8C00-8D0EBC61E7EC}
	EndGlobalSection
EndGlobal
